// !$*UTF8*$!
{
	archiveVersion = 1;
	classes = {
	};
	objectVersion = 46;
	objects = {

/* Begin PBXBuildFile section */
		3F4EDE651EF7D5B1004C812F /* main.m in Sources */ = {isa = PBXBuildFile; fileRef = 3F4EDE641EF7D5B1004C812F /* main.m */; };
		3F4EDE681EF7D5B1004C812F /* AppDelegate.m in Sources */ = {isa = PBXBuildFile; fileRef = 3F4EDE671EF7D5B1004C812F /* AppDelegate.m */; };
		3F4EDE6B1EF7D5B1004C812F /* ViewController.m in Sources */ = {isa = PBXBuildFile; fileRef = 3F4EDE6A1EF7D5B1004C812F /* ViewController.m */; };
		3F4EDE6E1EF7D5B1004C812F /* Main.storyboard in Resources */ = {isa = PBXBuildFile; fileRef = 3F4EDE6C1EF7D5B1004C812F /* Main.storyboard */; };
		3F4EDE701EF7D5B1004C812F /* Assets.xcassets in Resources */ = {isa = PBXBuildFile; fileRef = 3F4EDE6F1EF7D5B1004C812F /* Assets.xcassets */; };
		3F4EDE731EF7D5B1004C812F /* LaunchScreen.storyboard in Resources */ = {isa = PBXBuildFile; fileRef = 3F4EDE711EF7D5B1004C812F /* LaunchScreen.storyboard */; };
/* End PBXBuildFile section */

/* Begin PBXFileReference section */
		3F4EDE601EF7D5B1004C812F /* new.app */ = {isa = PBXFileReference; explicitFileType = wrapper.application; includeInIndex = 0; path = new.app; sourceTree = BUILT_PRODUCTS_DIR; };
		3F4EDE641EF7D5B1004C812F /* main.m */ = {isa = PBXFileReference; lastKnownFileType = sourcecode.c.objc; path = main.m; sourceTree = "<group>"; };
		3F4EDE661EF7D5B1004C812F /* AppDelegate.h */ = {isa = PBXFileReference; lastKnownFileType = sourcecode.c.h; path = AppDelegate.h; sourceTree = "<group>"; };
		3F4EDE671EF7D5B1004C812F /* AppDelegate.m */ = {isa = PBXFileReference; lastKnownFileType = sourcecode.c.objc; path = AppDelegate.m; sourceTree = "<group>"; };
		3F4EDE691EF7D5B1004C812F /* ViewController.h */ = {isa = PBXFileReference; lastKnownFileType = sourcecode.c.h; path = ViewController.h; sourceTree = "<group>"; };
		3F4EDE6A1EF7D5B1004C812F /* ViewController.m */ = {isa = PBXFileReference; lastKnownFileType = sourcecode.c.objc; path = ViewController.m; sourceTree = "<group>"; };
		3F4EDE6D1EF7D5B1004C812F /* Base */ = {isa = PBXFileReference; lastKnownFileType = file.storyboard; name = Base; path = Base.lproj/Main.storyboard; sourceTree = "<group>"; };
		3F4EDE6F1EF7D5B1004C812F /* Assets.xcassets */ = {isa = PBXFileReference; lastKnownFileType = folder.assetcatalog; path = Assets.xcassets; sourceTree = "<group>"; };
		3F4EDE721EF7D5B1004C812F /* Base */ = {isa = PBXFileReference; lastKnownFileType = file.storyboard; name = Base; path = Base.lproj/LaunchScreen.storyboard; sourceTree = "<group>"; };
		3F4EDE741EF7D5B1004C812F /* Info.plist */ = {isa = PBXFileReference; lastKnownFileType = text.plist.xml; path = Info.plist; sourceTree = "<group>"; };
/* End PBXFileReference section */

/* Begin PBXFrameworksBuildPhase section */
		3F4EDE5D1EF7D5B1004C812F /* Frameworks */ = {
			isa = PBXFrameworksBuildPhase;
			buildActionMask = 2147483647;
			files = (
			);
			runOnlyForDeploymentPostprocessing = 0;
		};
/* End PBXFrameworksBuildPhase section */

/* Begin PBXGroup section */
		3F4EDE571EF7D5B1004C812F = {
			isa = PBXGroup;
			children = (
				3F4EDE621EF7D5B1004C812F /* new */,
				3F4EDE611EF7D5B1004C812F /* Products */,
			);
			sourceTree = "<group>";
		};
		3F4EDE611EF7D5B1004C812F /* Products */ = {
			isa = PBXGroup;
			children = (
				3F4EDE601EF7D5B1004C812F /* new.app */,
			);
			name = Products;
			sourceTree = "<group>";
		};
		3F4EDE621EF7D5B1004C812F /* new */ = {
			isa = PBXGroup;
			children = (
				3F4EDE661EF7D5B1004C812F /* AppDelegate.h */,
				3F4EDE671EF7D5B1004C812F /* AppDelegate.m */,
				3F4EDE691EF7D5B1004C812F /* ViewController.h */,
				3F4EDE6A1EF7D5B1004C812F /* ViewController.m */,
				3F4EDE6C1EF7D5B1004C812F /* Main.storyboard */,
				3F4EDE6F1EF7D5B1004C812F /* Assets.xcassets */,
				3F4EDE711EF7D5B1004C812F /* LaunchScreen.storyboard */,
				3F4EDE741EF7D5B1004C812F /* Info.plist */,
				3F4EDE631EF7D5B1004C812F /* Supporting Files */,
			);
			path = new;
			sourceTree = "<group>";
		};
		3F4EDE631EF7D5B1004C812F /* Supporting Files */ = {
			isa = PBXGroup;
			children = (
				3F4EDE641EF7D5B1004C812F /* main.m */,
			);
			name = "Supporting Files";
			sourceTree = "<group>";
		};
/* End PBXGroup section */

/* Begin PBXNativeTarget section */
		3F4EDE5F1EF7D5B1004C812F /* new */ = {
			isa = PBXNativeTarget;
			buildConfigurationList = 3F4EDE771EF7D5B1004C812F /* Build configuration list for PBXNativeTarget "new" */;
			buildPhases = (
				3F4EDE5C1EF7D5B1004C812F /* Sources */,
				3F4EDE5D1EF7D5B1004C812F /* Frameworks */,
				3F4EDE5E1EF7D5B1004C812F /* Resources */,
			);
			buildRules = (
			);
			dependencies = (
			);
			name = new;
			productName = new;
			productReference = 3F4EDE601EF7D5B1004C812F /* new.app */;
			productType = "com.apple.product-type.application";
		};
/* End PBXNativeTarget section */

/* Begin PBXProject section */
		3F4EDE581EF7D5B1004C812F /* Project object */ = {
			isa = PBXProject;
			attributes = {
				LastUpgradeCheck = 0820;
				ORGANIZATIONNAME = student;
				TargetAttributes = {
					3F4EDE5F1EF7D5B1004C812F = {
						CreatedOnToolsVersion = 8.2.1;
						DevelopmentTeam = BL5FCM7DC3;
						ProvisioningStyle = Automatic;
					};
				};
			};
			buildConfigurationList = 3F4EDE5B1EF7D5B1004C812F /* Build configuration list for PBXProject "new" */;
			compatibilityVersion = "Xcode 3.2";
			developmentRegion = English;
			hasScannedForEncodings = 0;
			knownRegions = (
				en,
				Base,
			);
			mainGroup = 3F4EDE571EF7D5B1004C812F;
			productRefGroup = 3F4EDE611EF7D5B1004C812F /* Products */;
			projectDirPath = "";
			projectRoot = "";
			targets = (
				3F4EDE5F1EF7D5B1004C812F /* new */,
			);
		};
/* End PBXProject section */

/* Begin PBXResourcesBuildPhase section */
		3F4EDE5E1EF7D5B1004C812F /* Resources */ = {
			isa = PBXResourcesBuildPhase;
			buildActionMask = 2147483647;
			files = (
				3F4EDE731EF7D5B1004C812F /* LaunchScreen.storyboard in Resources */,
				3F4EDE701EF7D5B1004C812F /* Assets.xcassets in Resources */,
				3F4EDE6E1EF7D5B1004C812F /* Main.storyboard in Resources */,
			);
			runOnlyForDeploymentPostprocessing = 0;
		};
/* End PBXResourcesBuildPhase section */

/* Begin PBXSourcesBuildPhase section */
		3F4EDE5C1EF7D5B1004C812F /* Sources */ = {
			isa = PBXSourcesBuildPhase;
			buildActionMask = 2147483647;
			files = (
				3F4EDE6B1EF7D5B1004C812F /* ViewController.m in Sources */,
				3F4EDE681EF7D5B1004C812F /* AppDelegate.m in Sources */,
				3F4EDE651EF7D5B1004C812F /* main.m in Sources */,
			);
			runOnlyForDeploymentPostprocessing = 0;
		};
/* End PBXSourcesBuildPhase section */

/* Begin PBXVariantGroup section */
		3F4EDE6C1EF7D5B1004C812F /* Main.storyboard */ = {
			isa = PBXVariantGroup;
			children = (
				3F4EDE6D1EF7D5B1004C812F /* Base */,
			);
			name = Main.storyboard;
			sourceTree = "<group>";
		};
		3F4EDE711EF7D5B1004C812F /* LaunchScreen.storyboard */ = {
			isa = PBXVariantGroup;
			children = (
				3F4EDE721EF7D5B1004C812F /* Base */,
			);
			name = LaunchScreen.storyboard;
			sourceTree = "<group>";
		};
/* End PBXVariantGroup section */

/* Begin XCBuildConfiguration section */
		3F4EDE751EF7D5B1004C812F /* Debug */ = {
			isa = XCBuildConfiguration;
			buildSettings = {
				ALWAYS_SEARCH_USER_PATHS = NO;
				CLANG_ANALYZER_NONNULL = YES;
				CLANG_CXX_LANGUAGE_STANDARD = "gnu++0x";
				CLANG_CXX_LIBRARY = "libc++";
				CLANG_ENABLE_MODULES = YES;
				CLANG_ENABLE_OBJC_ARC = YES;
				CLANG_WARN_BOOL_CONVERSION = YES;
				CLANG_WARN_CONSTANT_CONVERSION = YES;
				CLANG_WARN_DIRECT_OBJC_ISA_USAGE = YES_ERROR;
				CLANG_WARN_DOCUMENTATION_COMMENTS = YES;
				CLANG_WARN_EMPTY_BODY = YES;
				CLANG_WARN_ENUM_CONVERSION = YES;
				CLANG_WARN_INFINITE_RECURSION = YES;
				CLANG_WARN_INT_CONVERSION = YES;
				CLANG_WARN_OBJC_ROOT_CLASS = YES_ERROR;
				CLANG_WARN_SUSPICIOUS_MOVE = YES;
				CLANG_WARN_UNREACHABLE_CODE = YES;
				CLANG_WARN__DUPLICATE_METHOD_MATCH = YES;
				"CODE_SIGN_IDENTITY[sdk=iphoneos*]" = "iPhone Developer";
				COPY_PHASE_STRIP = NO;
				DEBUG_INFORMATION_FORMAT = dwarf;
				ENABLE_STRICT_OBJC_MSGSEND = YES;
				ENABLE_TESTABILITY = YES;
				GCC_C_LANGUAGE_STANDARD = gnu99;
				GCC_DYNAMIC_NO_PIC = NO;
				GCC_NO_COMMON_BLOCKS = YES;
				GCC_OPTIMIZATION_LEVEL = 0;
				GCC_PREPROCESSOR_DEFINITIONS = (
					"DEBUG=1",
					"$(inherited)",
				);
				GCC_WARN_64_TO_32_BIT_CONVERSION = YES;
				GCC_WARN_ABOUT_RETURN_TYPE = YES_ERROR;
				GCC_WARN_UNDECLARED_SELECTOR = YES;
				GCC_WARN_UNINITIALIZED_AUTOS = YES_AGGRESSIVE;
				GCC_WARN_UNUSED_FUNCTION = YES;
				GCC_WARN_UNUSED_VARIABLE = YES;
				IPHONEOS_DEPLOYMENT_TARGET = 10.2;
				MTL_ENABLE_DEBUG_INFO = YES;
				ONLY_ACTIVE_ARCH = YES;
				SDKROOT = iphoneos;
			};
			name = Debug;
		};
		3F4EDE761EF7D5B1004C812F /* Release */ = {
			isa = XCBuildConfiguration;
			buildSettings = {
				ALWAYS_SEARCH_USER_PATHS = NO;
				CLANG_ANALYZER_NONNULL = YES;
				CLANG_CXX_LANGUAGE_STANDARD = "gnu++0x";
				CLANG_CXX_LIBRARY = "libc++";
				CLANG_ENABLE_MODULES = YES;
				CLANG_ENABLE_OBJC_ARC = YES;
				CLANG_WARN_BOOL_CONVERSION = YES;
				CLANG_WARN_CONSTANT_CONVERSION = YES;
				CLANG_WARN_DIRECT_OBJC_ISA_USAGE = YES_ERROR;
				CLANG_WARN_DOCUMENTATION_COMMENTS = YES;
				CLANG_WARN_EMPTY_BODY = YES;
				CLANG_WARN_ENUM_CONVERSION = YES;
				CLANG_WARN_INFINITE_RECURSION = YES;
				CLANG_WARN_INT_CONVERSION = YES;
				CLANG_WARN_OBJC_ROOT_CLASS = YES_ERROR;
				CLANG_WARN_SUSPICIOUS_MOVE = YES;
				CLANG_WARN_UNREACHABLE_CODE = YES;
				CLANG_WARN__DUPLICATE_METHOD_MATCH = YES;
				"CODE_SIGN_IDENTITY[sdk=iphoneos*]" = "iPhone Developer";
				COPY_PHASE_STRIP = NO;
				DEBUG_INFORMATION_FORMAT = "dwarf-with-dsym";
				ENABLE_NS_ASSERTIONS = NO;
				ENABLE_STRICT_OBJC_MSGSEND = YES;
				GCC_C_LANGUAGE_STANDARD = gnu99;
				GCC_NO_COMMON_BLOCKS = YES;
				GCC_WARN_64_TO_32_BIT_CONVERSION = YES;
				GCC_WARN_ABOUT_RETURN_TYPE = YES_ERROR;
				GCC_WARN_UNDECLARED_SELECTOR = YES;
				GCC_WARN_UNINITIALIZED_AUTOS = YES_AGGRESSIVE;
				GCC_WARN_UNUSED_FUNCTION = YES;
				GCC_WARN_UNUSED_VARIABLE = YES;
				IPHONEOS_DEPLOYMENT_TARGET = 10.2;
				MTL_ENABLE_DEBUG_INFO = NO;
				SDKROOT = iphoneos;
				VALIDATE_PRODUCT = YES;
			};
			name = Release;
		};
		3F4EDE781EF7D5B1004C812F /* Debug */ = {
			isa = XCBuildConfiguration;
			buildSettings = {
				ASSETCATALOG_COMPILER_APPICON_NAME = AppIcon;
				DEVELOPMENT_TEAM = BL5FCM7DC3;
				INFOPLIST_FILE = new/Info.plist;
				LD_RUNPATH_SEARCH_PATHS = "$(inherited) @executable_path/Frameworks";
				PRODUCT_BUNDLE_IDENTIFIER = com.new;
				PRODUCT_NAME = "$(TARGET_NAME)";
			};
			name = Debug;
		};
		3F4EDE791EF7D5B1004C812F /* Release */ = {
			isa = XCBuildConfiguration;
			buildSettings = {
				ASSETCATALOG_COMPILER_APPICON_NAME = AppIcon;
				DEVELOPMENT_TEAM = BL5FCM7DC3;
				INFOPLIST_FILE = new/Info.plist;
				LD_RUNPATH_SEARCH_PATHS = "$(inherited) @executable_path/Frameworks";
				PRODUCT_BUNDLE_IDENTIFIER = com.new;
				PRODUCT_NAME = "$(TARGET_NAME)";
			};
			name = Release;
		};
/* End XCBuildConfiguration section */

/* Begin XCConfigurationList section */
		3F4EDE5B1EF7D5B1004C812F /* Build configuration list for PBXProject "new" */ = {
			isa = XCConfigurationList;
			buildConfigurations = (
				3F4EDE751EF7D5B1004C812F /* Debug */,
				3F4EDE761EF7D5B1004C812F /* Release */,
			);
			defaultConfigurationIsVisible = 0;
			defaultConfigurationName = Release;
		};
		3F4EDE771EF7D5B1004C812F /* Build configuration list for PBXNativeTarget "new" */ = {
			isa = XCConfigurationList;
			buildConfigurations = (
				3F4EDE781EF7D5B1004C812F /* Debug */,
				3F4EDE791EF7D5B1004C812F /* Release */,
			);
			defaultConfigurationIsVisible = 0;
		};
/* End XCConfigurationList section */
	};
	rootObject = 3F4EDE581EF7D5B1004C812F /* Project object */;
}
